
Microsoft Visual Studio Solution File, Format Version 12.00
# Visual Studio 15
VisualStudioVersion = 15.0.26228.10
MinimumVisualStudioVersion = 10.0.40219.1
Project("{2150E333-8FDC-42A3-9474-1A3956D46DE8}") = "src", "src", "{76FFD584-75AF-4FF6-A4B6-595DE151BB77}"
EndProject
Project("{2150E333-8FDC-42A3-9474-1A3956D46DE8}") = "test", "test", "{E16B365D-2A84-4304-9C56-2530C8CC49B3}"
EndProject
Project("{9A19103F-16F7-4668-BE54-9A1E7A4F7556}") = "Domain", "Domain\Domain.csproj", "{0E006C03-5FFA-4A91-993A-634858B5C856}"
EndProject
Project("{9A19103F-16F7-4668-BE54-9A1E7A4F7556}") = "Domain.Services", "Domain.Services\Domain.Services.csproj", "{890412F0-8256-420D-BA2E-C69F710FF495}"
EndProject
Project("{9A19103F-16F7-4668-BE54-9A1E7A4F7556}") = "Domain.Tests", "Domain.Tests\Domain.Tests.csproj", "{DD48E380-EF43-493A-AF72-52560B86EF26}"
EndProject
Project("{9A19103F-16F7-4668-BE54-9A1E7A4F7556}") = "Domain.Services.Tests", "Domain.Services.Tests\Domain.Services.Tests.csproj", "{6322DB4D-8E9D-40CC-85B2-934315BDDB95}"
EndProject
Project("{9A19103F-16F7-4668-BE54-9A1E7A4F7556}") = "Infrastructure", "Infrastructure\Infrastructure.csproj", "{65F1AD9E-0E14-4B5E-9106-C66DED228076}"
EndProject
Project("{9A19103F-16F7-4668-BE54-9A1E7A4F7556}") = "Infrastructure.Tests", "Infrastructure.Tests\Infrastructure.Tests.csproj", "{5D829B9A-F443-4A5C-9058-EE6CF5E72D7D}"
EndProject
Global
	GlobalSection(SolutionConfigurationPlatforms) = preSolution
		Debug|Any CPU = Debug|Any CPU
		Release|Any CPU = Release|Any CPU
	EndGlobalSection
	GlobalSection(ProjectConfigurationPlatforms) = postSolution
		{0E006C03-5FFA-4A91-993A-634858B5C856}.Debug|Any CPU.ActiveCfg = Debug|Any CPU
		{0E006C03-5FFA-4A91-993A-634858B5C856}.Debug|Any CPU.Build.0 = Debug|Any CPU
		{0E006C03-5FFA-4A91-993A-634858B5C856}.Release|Any CPU.ActiveCfg = Release|Any CPU
		{0E006C03-5FFA-4A91-993A-634858B5C856}.Release|Any CPU.Build.0 = Release|Any CPU
		{890412F0-8256-420D-BA2E-C69F710FF495}.Debug|Any CPU.ActiveCfg = Debug|Any CPU
		{890412F0-8256-420D-BA2E-C69F710FF495}.Debug|Any CPU.Build.0 = Debug|Any CPU
		{890412F0-8256-420D-BA2E-C69F710FF495}.Release|Any CPU.ActiveCfg = Release|Any CPU
		{890412F0-8256-420D-BA2E-C69F710FF495}.Release|Any CPU.Build.0 = Release|Any CPU
		{DD48E380-EF43-493A-AF72-52560B86EF26}.Debug|Any CPU.ActiveCfg = Debug|Any CPU
		{DD48E380-EF43-493A-AF72-52560B86EF26}.Debug|Any CPU.Build.0 = Debug|Any CPU
		{DD48E380-EF43-493A-AF72-52560B86EF26}.Release|Any CPU.ActiveCfg = Release|Any CPU
		{DD48E380-EF43-493A-AF72-52560B86EF26}.Release|Any CPU.Build.0 = Release|Any CPU
		{6322DB4D-8E9D-40CC-85B2-934315BDDB95}.Debug|Any CPU.ActiveCfg = Debug|Any CPU
		{6322DB4D-8E9D-40CC-85B2-934315BDDB95}.Debug|Any CPU.Build.0 = Debug|Any CPU
		{6322DB4D-8E9D-40CC-85B2-934315BDDB95}.Release|Any CPU.ActiveCfg = Release|Any CPU
		{6322DB4D-8E9D-40CC-85B2-934315BDDB95}.Release|Any CPU.Build.0 = Release|Any CPU
		{65F1AD9E-0E14-4B5E-9106-C66DED228076}.Debug|Any CPU.ActiveCfg = Debug|Any CPU
		{65F1AD9E-0E14-4B5E-9106-C66DED228076}.Debug|Any CPU.Build.0 = Debug|Any CPU
		{65F1AD9E-0E14-4B5E-9106-C66DED228076}.Release|Any CPU.ActiveCfg = Release|Any CPU
		{65F1AD9E-0E14-4B5E-9106-C66DED228076}.Release|Any CPU.Build.0 = Release|Any CPU
		{5D829B9A-F443-4A5C-9058-EE6CF5E72D7D}.Debug|Any CPU.ActiveCfg = Debug|Any CPU
		{5D829B9A-F443-4A5C-9058-EE6CF5E72D7D}.Debug|Any CPU.Build.0 = Debug|Any CPU
		{5D829B9A-F443-4A5C-9058-EE6CF5E72D7D}.Release|Any CPU.ActiveCfg = Release|Any CPU
		{5D829B9A-F443-4A5C-9058-EE6CF5E72D7D}.Release|Any CPU.Build.0 = Release|Any CPU
	EndGlobalSection
	GlobalSection(SolutionProperties) = preSolution
		HideSolutionNode = FALSE
	EndGlobalSection
	GlobalSection(NestedProjects) = preSolution
		{0E006C03-5FFA-4A91-993A-634858B5C856} = {76FFD584-75AF-4FF6-A4B6-595DE151BB77}
		{890412F0-8256-420D-BA2E-C69F710FF495} = {76FFD584-75AF-4FF6-A4B6-595DE151BB77}
		{DD48E380-EF43-493A-AF72-52560B86EF26} = {E16B365D-2A84-4304-9C56-2530C8CC49B3}
		{6322DB4D-8E9D-40CC-85B2-934315BDDB95} = {E16B365D-2A84-4304-9C56-2530C8CC49B3}
		{65F1AD9E-0E14-4B5E-9106-C66DED228076} = {76FFD584-75AF-4FF6-A4B6-595DE151BB77}
		{5D829B9A-F443-4A5C-9058-EE6CF5E72D7D} = {E16B365D-2A84-4304-9C56-2530C8CC49B3}
	EndGlobalSection
EndGlobal
